<?xml version="1.0" encoding="utf-8"?>
<Project ToolsVersion="4.0" xmlns="http://schemas.microsoft.com/developer/msbuild/2003">
  <ItemGroup>
    <Filter Include="Source Files">
      <UniqueIdentifier>{b3c2bd14-a492-4ceb-903d-d6feab391705}</UniqueIdentifier>
      <Extensions>cpp;c;cxx;rc;def;r;odl;idl;hpj;bat</Extensions>
    </Filter>
    <Filter Include="Header Files">
      <UniqueIdentifier>{b1d955f6-b92f-4444-a9be-e8c7ac68aeec}</UniqueIdentifier>
      <Extensions>h;hpp;hxx;hm;inl</Extensions>
    </Filter>
    <Filter Include="Doxygen Files">
      <UniqueIdentifier>{e6069345-ad06-41de-bb42-89d0b7611fab}</UniqueIdentifier>
    </Filter>
  </ItemGroup>
  <ItemGroup>
    <ClCompile Include="src\pjturn-srv\allocation.c">
      <Filter>Source Files</Filter>
    </ClCompile>
    <ClCompile Include="src\pjturn-srv\auth.c">
      <Filter>Source Files</Filter>
    </ClCompile>
    <ClCompile Include="src\pjturn-srv\listener_tcp.c">
      <Filter>Source Files</Filter>
    </ClCompile>
    <ClCompile Include="src\pjturn-srv\listener_udp.c">
      <Filter>Source Files</Filter>
    </ClCompile>
    <ClCompile Include="src\pjturn-srv\main.c">
      <Filter>Source Files</Filter>
    </ClCompile>
    <ClCompile Include="src\pjturn-srv\server.c">
      <Filter>Source Files</Filter>
    </ClCompile>
  </ItemGroup>
  <ItemGroup>
    <ClInclude Include="src\pjturn-srv\auth.h">
      <Filter>Header Files</Filter>
    </ClInclude>
    <ClInclude Include="src\pjturn-srv\turn.h">
      <Filter>Header Files</Filter>
    </ClInclude>
  </ItemGroup>
</Project>