<?xml version="1.0" encoding="utf-8"?>
<Project ToolsVersion="4.0" xmlns="http://schemas.microsoft.com/developer/msbuild/2003">
  <ItemGroup>
    <Filter Include="Source Files">
      <UniqueIdentifier>{4EA19CDC-B2BB-4273-84B6-86BAA8D4FE10}</UniqueIdentifier>
      <Extensions>cpp;c;cxx;rc;def;r;odl;idl;hpj;bat</Extensions>
    </Filter>
    <Filter Include="Header Files">
      <UniqueIdentifier>{164C7F3E-594B-4695-A2C4-C45ADA1861F4}</UniqueIdentifier>
      <Extensions>h;hpp;hxx;hm;inl</Extensions>
    </Filter>
    <Filter Include="Doxygen Files">
      <UniqueIdentifier>{806093DC-21D7-41CF-BF44-80F6479BBD93}</UniqueIdentifier>
    </Filter>
  </ItemGroup>
  <ItemGroup>
    <ClCompile Include="src\pjturn-srv\allocation.c">
      <Filter>Source Files</Filter>
    </ClCompile>
    <ClCompile Include="src\pjturn-srv\auth.c">
      <Filter>Source Files</Filter>
    </ClCompile>
    <ClCompile Include="src\pjturn-srv\listener_tcp.c">
      <Filter>Source Files</Filter>
    </ClCompile>
    <ClCompile Include="src\pjturn-srv\listener_udp.c">
      <Filter>Source Files</Filter>
    </ClCompile>
    <ClCompile Include="src\pjturn-srv\main.c">
      <Filter>Source Files</Filter>
    </ClCompile>
    <ClCompile Include="src\pjturn-srv\server.c">
      <Filter>Source Files</Filter>
    </ClCompile>
  </ItemGroup>
  <ItemGroup>
    <ClInclude Include="src\pjturn-srv\auth.h">
      <Filter>Header Files</Filter>
    </ClInclude>
    <ClInclude Include="src\pjturn-srv\turn.h">
      <Filter>Header Files</Filter>
    </ClInclude>
  </ItemGroup>
</Project>